
Microsoft Visual Studio Solution File, Format Version 12.00
# Visual Studio Version 16
VisualStudioVersion = 16.0.31005.135
MinimumVisualStudioVersion = 10.0.40219.1
Project("{FAE04EC0-301F-11D3-BF4B-00C04F79EFBC}") = "MailSender", "MailSender\MailSender.csproj", "{8E370783-F077-4D28-9B97-3B2B61C8ECF7}"
EndProject
Global
	GlobalSection(SolutionConfigurationPlatforms) = preSolution
		Debug|Any CPU = Debug|Any CPU
		Release|Any CPU = Release|Any CPU
	EndGlobalSection
	GlobalSection(ProjectConfigurationPlatforms) = postSolution
		{8E370783-F077-4D28-9B97-3B2B61C8ECF7}.Debug|Any CPU.ActiveCfg = Debug|Any CPU
		{8E370783-F077-4D28-9B97-3B2B61C8ECF7}.Debug|Any CPU.Build.0 = Debug|Any CPU
		{8E370783-F077-4D28-9B97-3B2B61C8ECF7}.Release|Any CPU.ActiveCfg = Release|Any CPU
		{8E370783-F077-4D28-9B97-3B2B61C8ECF7}.Release|Any CPU.Build.0 = Release|Any CPU
	EndGlobalSection
	GlobalSection(SolutionProperties) = preSolution
		HideSolutionNode = FALSE
	EndGlobalSection
	GlobalSection(ExtensibilityGlobals) = postSolution
		SolutionGuid = {5803CD0E-B30E-47E1-942E-D4428BA180CE}
	EndGlobalSection
EndGlobal
